// !$*UTF8*$!
{
	archiveVersion = 1;
	classes = {
	};
	objectVersion = 56;
	objects = {

/* Begin PBXBuildFile section */
		945730412A854AFF008E9071 /* AppDelegate.swift in Sources */ = {isa = PBXBuildFile; fileRef = 945730402A854AFF008E9071 /* AppDelegate.swift */; };
		945730432A854AFF008E9071 /* SceneDelegate.swift in Sources */ = {isa = PBXBuildFile; fileRef = 945730422A854AFF008E9071 /* SceneDelegate.swift */; };
		945730482A854AFF008E9071 /* Main.storyboard in Resources */ = {isa = PBXBuildFile; fileRef = 945730462A854AFF008E9071 /* Main.storyboard */; };
		9457304A2A854B00008E9071 /* Assets.xcassets in Resources */ = {isa = PBXBuildFile; fileRef = 945730492A854B00008E9071 /* Assets.xcassets */; };
		9457304D2A854B00008E9071 /* LaunchScreen.storyboard in Resources */ = {isa = PBXBuildFile; fileRef = 9457304B2A854B00008E9071 /* LaunchScreen.storyboard */; };
		945730582A854B00008E9071 /* PokedexTests.swift in Sources */ = {isa = PBXBuildFile; fileRef = 945730572A854B00008E9071 /* PokedexTests.swift */; };
		945730622A854B00008E9071 /* PokedexUITests.swift in Sources */ = {isa = PBXBuildFile; fileRef = 945730612A854B00008E9071 /* PokedexUITests.swift */; };
		945730642A854B00008E9071 /* PokedexUITestsLaunchTests.swift in Sources */ = {isa = PBXBuildFile; fileRef = 945730632A854B00008E9071 /* PokedexUITestsLaunchTests.swift */; };
		945730762A8586AF008E9071 /* DetailsViewModel.swift in Sources */ = {isa = PBXBuildFile; fileRef = 945730752A8586AF008E9071 /* DetailsViewModel.swift */; };
		945730782A8586CA008E9071 /* DetailsView.swift in Sources */ = {isa = PBXBuildFile; fileRef = 945730772A8586CA008E9071 /* DetailsView.swift */; };
		9457307F2A858A41008E9071 /* APIRequest.swift in Sources */ = {isa = PBXBuildFile; fileRef = 9457307E2A858A41008E9071 /* APIRequest.swift */; };
		945730812A858CC1008E9071 /* StructData.swift in Sources */ = {isa = PBXBuildFile; fileRef = 945730802A858CC1008E9071 /* StructData.swift */; };
		945730832A85AA38008E9071 /* abilitiesStruct.swift in Sources */ = {isa = PBXBuildFile; fileRef = 945730822A85AA38008E9071 /* abilitiesStruct.swift */; };
		945730862A85BC16008E9071 /* 10PokemonsView.swift in Sources */ = {isa = PBXBuildFile; fileRef = 945730852A85BC16008E9071 /* 10PokemonsView.swift */; };
		945730882A85BC36008E9071 /* 10PokemonsViewModel.swift in Sources */ = {isa = PBXBuildFile; fileRef = 945730872A85BC36008E9071 /* 10PokemonsViewModel.swift */; };
		945730942A85C0C7008E9071 /* ListView.swift in Sources */ = {isa = PBXBuildFile; fileRef = 945730932A85C0C7008E9071 /* ListView.swift */; };
		945730962A85C0D9008E9071 /* ListViewModel.swift in Sources */ = {isa = PBXBuildFile; fileRef = 945730952A85C0D9008E9071 /* ListViewModel.swift */; };
		945730982A85C0F1008E9071 /* APISession.swift in Sources */ = {isa = PBXBuildFile; fileRef = 945730972A85C0F1008E9071 /* APISession.swift */; };
		9457309A2A85C1F7008E9071 /* StructListPokemon.swift in Sources */ = {isa = PBXBuildFile; fileRef = 945730992A85C1F7008E9071 /* StructListPokemon.swift */; };
/* End PBXBuildFile section */

/* Begin PBXContainerItemProxy section */
		945730542A854B00008E9071 /* PBXContainerItemProxy */ = {
			isa = PBXContainerItemProxy;
			containerPortal = 945730352A854AFF008E9071 /* Project object */;
			proxyType = 1;
			remoteGlobalIDString = 9457303C2A854AFF008E9071;
			remoteInfo = Pokedex;
		};
		9457305E2A854B00008E9071 /* PBXContainerItemProxy */ = {
			isa = PBXContainerItemProxy;
			containerPortal = 945730352A854AFF008E9071 /* Project object */;
			proxyType = 1;
			remoteGlobalIDString = 9457303C2A854AFF008E9071;
			remoteInfo = Pokedex;
		};
/* End PBXContainerItemProxy section */

/* Begin PBXFileReference section */
		9457303D2A854AFF008E9071 /* Pokedex.app */ = {isa = PBXFileReference; explicitFileType = wrapper.application; includeInIndex = 0; path = Pokedex.app; sourceTree = BUILT_PRODUCTS_DIR; };
		945730402A854AFF008E9071 /* AppDelegate.swift */ = {isa = PBXFileReference; lastKnownFileType = sourcecode.swift; path = AppDelegate.swift; sourceTree = "<group>"; };
		945730422A854AFF008E9071 /* SceneDelegate.swift */ = {isa = PBXFileReference; lastKnownFileType = sourcecode.swift; path = SceneDelegate.swift; sourceTree = "<group>"; };
		945730472A854AFF008E9071 /* Base */ = {isa = PBXFileReference; lastKnownFileType = file.storyboard; name = Base; path = Base.lproj/Main.storyboard; sourceTree = "<group>"; };
		945730492A854B00008E9071 /* Assets.xcassets */ = {isa = PBXFileReference; lastKnownFileType = folder.assetcatalog; path = Assets.xcassets; sourceTree = "<group>"; };
		9457304C2A854B00008E9071 /* Base */ = {isa = PBXFileReference; lastKnownFileType = file.storyboard; name = Base; path = Base.lproj/LaunchScreen.storyboard; sourceTree = "<group>"; };
		9457304E2A854B00008E9071 /* Info.plist */ = {isa = PBXFileReference; lastKnownFileType = text.plist.xml; path = Info.plist; sourceTree = "<group>"; };
		945730532A854B00008E9071 /* PokedexTests.xctest */ = {isa = PBXFileReference; explicitFileType = wrapper.cfbundle; includeInIndex = 0; path = PokedexTests.xctest; sourceTree = BUILT_PRODUCTS_DIR; };
		945730572A854B00008E9071 /* PokedexTests.swift */ = {isa = PBXFileReference; lastKnownFileType = sourcecode.swift; path = PokedexTests.swift; sourceTree = "<group>"; };
		9457305D2A854B00008E9071 /* PokedexUITests.xctest */ = {isa = PBXFileReference; explicitFileType = wrapper.cfbundle; includeInIndex = 0; path = PokedexUITests.xctest; sourceTree = BUILT_PRODUCTS_DIR; };
		945730612A854B00008E9071 /* PokedexUITests.swift */ = {isa = PBXFileReference; lastKnownFileType = sourcecode.swift; path = PokedexUITests.swift; sourceTree = "<group>"; };
		945730632A854B00008E9071 /* PokedexUITestsLaunchTests.swift */ = {isa = PBXFileReference; lastKnownFileType = sourcecode.swift; path = PokedexUITestsLaunchTests.swift; sourceTree = "<group>"; };
		945730752A8586AF008E9071 /* DetailsViewModel.swift */ = {isa = PBXFileReference; lastKnownFileType = sourcecode.swift; path = DetailsViewModel.swift; sourceTree = "<group>"; };
		945730772A8586CA008E9071 /* DetailsView.swift */ = {isa = PBXFileReference; lastKnownFileType = sourcecode.swift; path = DetailsView.swift; sourceTree = "<group>"; };
		9457307E2A858A41008E9071 /* APIRequest.swift */ = {isa = PBXFileReference; lastKnownFileType = sourcecode.swift; path = APIRequest.swift; sourceTree = "<group>"; };
		945730802A858CC1008E9071 /* StructData.swift */ = {isa = PBXFileReference; lastKnownFileType = sourcecode.swift; path = StructData.swift; sourceTree = "<group>"; };
		945730822A85AA38008E9071 /* abilitiesStruct.swift */ = {isa = PBXFileReference; lastKnownFileType = sourcecode.swift; path = abilitiesStruct.swift; sourceTree = "<group>"; };
		945730852A85BC16008E9071 /* 10PokemonsView.swift */ = {isa = PBXFileReference; lastKnownFileType = sourcecode.swift; path = 10PokemonsView.swift; sourceTree = "<group>"; };
		945730872A85BC36008E9071 /* 10PokemonsViewModel.swift */ = {isa = PBXFileReference; lastKnownFileType = sourcecode.swift; path = 10PokemonsViewModel.swift; sourceTree = "<group>"; };
		945730932A85C0C7008E9071 /* ListView.swift */ = {isa = PBXFileReference; lastKnownFileType = sourcecode.swift; path = ListView.swift; sourceTree = "<group>"; };
		945730952A85C0D9008E9071 /* ListViewModel.swift */ = {isa = PBXFileReference; lastKnownFileType = sourcecode.swift; path = ListViewModel.swift; sourceTree = "<group>"; };
		945730972A85C0F1008E9071 /* APISession.swift */ = {isa = PBXFileReference; lastKnownFileType = sourcecode.swift; path = APISession.swift; sourceTree = "<group>"; };
		945730992A85C1F7008E9071 /* StructListPokemon.swift */ = {isa = PBXFileReference; lastKnownFileType = sourcecode.swift; path = StructListPokemon.swift; sourceTree = "<group>"; };
/* End PBXFileReference section */

/* Begin PBXFrameworksBuildPhase section */
		9457303A2A854AFF008E9071 /* Frameworks */ = {
			isa = PBXFrameworksBuildPhase;
			buildActionMask = 2147483647;
			files = (
			);
			runOnlyForDeploymentPostprocessing = 0;
		};
		945730502A854B00008E9071 /* Frameworks */ = {
			isa = PBXFrameworksBuildPhase;
			buildActionMask = 2147483647;
			files = (
			);
			runOnlyForDeploymentPostprocessing = 0;
		};
		9457305A2A854B00008E9071 /* Frameworks */ = {
			isa = PBXFrameworksBuildPhase;
			buildActionMask = 2147483647;
			files = (
			);
			runOnlyForDeploymentPostprocessing = 0;
		};
/* End PBXFrameworksBuildPhase section */

/* Begin PBXGroup section */
		945730342A854AFF008E9071 = {
			isa = PBXGroup;
			children = (
				9457303F2A854AFF008E9071 /* Pokedex */,
				945730562A854B00008E9071 /* PokedexTests */,
				945730602A854B00008E9071 /* PokedexUITests */,
				9457303E2A854AFF008E9071 /* Products */,
			);
			sourceTree = "<group>";
		};
		9457303E2A854AFF008E9071 /* Products */ = {
			isa = PBXGroup;
			children = (
				9457303D2A854AFF008E9071 /* Pokedex.app */,
				945730532A854B00008E9071 /* PokedexTests.xctest */,
				9457305D2A854B00008E9071 /* PokedexUITests.xctest */,
			);
			name = Products;
			sourceTree = "<group>";
		};
		9457303F2A854AFF008E9071 /* Pokedex */ = {
			isa = PBXGroup;
			children = (
				945730402A854AFF008E9071 /* AppDelegate.swift */,
				945730422A854AFF008E9071 /* SceneDelegate.swift */,
				945730842A85BBD7008E9071 /* first10Pokemons */,
				945730742A8585CB008E9071 /* PokemonDetails */,
				945730702A854B5E008E9071 /* PokemonList */,
				945730462A854AFF008E9071 /* Main.storyboard */,
				9457304B2A854B00008E9071 /* LaunchScreen.storyboard */,
				945730492A854B00008E9071 /* Assets.xcassets */,
				9457304E2A854B00008E9071 /* Info.plist */,
			);
			path = Pokedex;
			sourceTree = "<group>";
		};
		945730562A854B00008E9071 /* PokedexTests */ = {
			isa = PBXGroup;
			children = (
				945730572A854B00008E9071 /* PokedexTests.swift */,
			);
			path = PokedexTests;
			sourceTree = "<group>";
		};
		945730602A854B00008E9071 /* PokedexUITests */ = {
			isa = PBXGroup;
			children = (
				945730612A854B00008E9071 /* PokedexUITests.swift */,
				945730632A854B00008E9071 /* PokedexUITestsLaunchTests.swift */,
			);
			path = PokedexUITests;
			sourceTree = "<group>";
		};
		945730702A854B5E008E9071 /* PokemonList */ = {
			isa = PBXGroup;
			children = (
				945730932A85C0C7008E9071 /* ListView.swift */,
				945730952A85C0D9008E9071 /* ListViewModel.swift */,
				945730712A854D80008E9071 /* Model */,
			);
			path = PokemonList;
			sourceTree = "<group>";
		};
		945730712A854D80008E9071 /* Model */ = {
			isa = PBXGroup;
			children = (
				945730972A85C0F1008E9071 /* APISession.swift */,
				945730992A85C1F7008E9071 /* StructListPokemon.swift */,
			);
			path = Model;
			sourceTree = "<group>";
		};
		945730742A8585CB008E9071 /* PokemonDetails */ = {
			isa = PBXGroup;
			children = (
				945730772A8586CA008E9071 /* DetailsView.swift */,
				945730752A8586AF008E9071 /* DetailsViewModel.swift */,
				945730792A858954008E9071 /* Model */,
			);
			path = PokemonDetails;
			sourceTree = "<group>";
		};
		945730792A858954008E9071 /* Model */ = {
			isa = PBXGroup;
			children = (
				9457307E2A858A41008E9071 /* APIRequest.swift */,
				945730802A858CC1008E9071 /* StructData.swift */,
				945730822A85AA38008E9071 /* abilitiesStruct.swift */,
			);
			path = Model;
			sourceTree = "<group>";
		};
		945730842A85BBD7008E9071 /* first10Pokemons */ = {
			isa = PBXGroup;
			children = (
				945730852A85BC16008E9071 /* 10PokemonsView.swift */,
				945730872A85BC36008E9071 /* 10PokemonsViewModel.swift */,
				945730892A85BC3C008E9071 /* Model */,
			);
			path = first10Pokemons;
			sourceTree = "<group>";
		};
		945730892A85BC3C008E9071 /* Model */ = {
			isa = PBXGroup;
			children = (
			);
			path = Model;
			sourceTree = "<group>";
		};
/* End PBXGroup section */

/* Begin PBXNativeTarget section */
		9457303C2A854AFF008E9071 /* Pokedex */ = {
			isa = PBXNativeTarget;
			buildConfigurationList = 945730672A854B00008E9071 /* Build configuration list for PBXNativeTarget "Pokedex" */;
			buildPhases = (
				945730392A854AFF008E9071 /* Sources */,
				9457303A2A854AFF008E9071 /* Frameworks */,
				9457303B2A854AFF008E9071 /* Resources */,
			);
			buildRules = (
			);
			dependencies = (
			);
			name = Pokedex;
			productName = Pokedex;
			productReference = 9457303D2A854AFF008E9071 /* Pokedex.app */;
			productType = "com.apple.product-type.application";
		};
		945730522A854B00008E9071 /* PokedexTests */ = {
			isa = PBXNativeTarget;
			buildConfigurationList = 9457306A2A854B00008E9071 /* Build configuration list for PBXNativeTarget "PokedexTests" */;
			buildPhases = (
				9457304F2A854B00008E9071 /* Sources */,
				945730502A854B00008E9071 /* Frameworks */,
				945730512A854B00008E9071 /* Resources */,
			);
			buildRules = (
			);
			dependencies = (
				945730552A854B00008E9071 /* PBXTargetDependency */,
			);
			name = PokedexTests;
			productName = PokedexTests;
			productReference = 945730532A854B00008E9071 /* PokedexTests.xctest */;
			productType = "com.apple.product-type.bundle.unit-test";
		};
		9457305C2A854B00008E9071 /* PokedexUITests */ = {
			isa = PBXNativeTarget;
			buildConfigurationList = 9457306D2A854B00008E9071 /* Build configuration list for PBXNativeTarget "PokedexUITests" */;
			buildPhases = (
				945730592A854B00008E9071 /* Sources */,
				9457305A2A854B00008E9071 /* Frameworks */,
				9457305B2A854B00008E9071 /* Resources */,
			);
			buildRules = (
			);
			dependencies = (
				9457305F2A854B00008E9071 /* PBXTargetDependency */,
			);
			name = PokedexUITests;
			productName = PokedexUITests;
			productReference = 9457305D2A854B00008E9071 /* PokedexUITests.xctest */;
			productType = "com.apple.product-type.bundle.ui-testing";
		};
/* End PBXNativeTarget section */

/* Begin PBXProject section */
		945730352A854AFF008E9071 /* Project object */ = {
			isa = PBXProject;
			attributes = {
				BuildIndependentTargetsInParallel = 1;
				LastSwiftUpdateCheck = 1430;
				LastUpgradeCheck = 1430;
				TargetAttributes = {
					9457303C2A854AFF008E9071 = {
						CreatedOnToolsVersion = 14.3.1;
						LastSwiftMigration = 1430;
					};
					945730522A854B00008E9071 = {
						CreatedOnToolsVersion = 14.3.1;
						TestTargetID = 9457303C2A854AFF008E9071;
					};
					9457305C2A854B00008E9071 = {
						CreatedOnToolsVersion = 14.3.1;
						TestTargetID = 9457303C2A854AFF008E9071;
					};
				};
			};
			buildConfigurationList = 945730382A854AFF008E9071 /* Build configuration list for PBXProject "Pokedex" */;
			compatibilityVersion = "Xcode 14.0";
			developmentRegion = en;
			hasScannedForEncodings = 0;
			knownRegions = (
				en,
				Base,
			);
			mainGroup = 945730342A854AFF008E9071;
			productRefGroup = 9457303E2A854AFF008E9071 /* Products */;
			projectDirPath = "";
			projectRoot = "";
			targets = (
				9457303C2A854AFF008E9071 /* Pokedex */,
				945730522A854B00008E9071 /* PokedexTests */,
				9457305C2A854B00008E9071 /* PokedexUITests */,
			);
		};
/* End PBXProject section */

/* Begin PBXResourcesBuildPhase section */
		9457303B2A854AFF008E9071 /* Resources */ = {
			isa = PBXResourcesBuildPhase;
			buildActionMask = 2147483647;
			files = (
				9457304D2A854B00008E9071 /* LaunchScreen.storyboard in Resources */,
				9457304A2A854B00008E9071 /* Assets.xcassets in Resources */,
				945730482A854AFF008E9071 /* Main.storyboard in Resources */,
			);
			runOnlyForDeploymentPostprocessing = 0;
		};
		945730512A854B00008E9071 /* Resources */ = {
			isa = PBXResourcesBuildPhase;
			buildActionMask = 2147483647;
			files = (
			);
			runOnlyForDeploymentPostprocessing = 0;
		};
		9457305B2A854B00008E9071 /* Resources */ = {
			isa = PBXResourcesBuildPhase;
			buildActionMask = 2147483647;
			files = (
			);
			runOnlyForDeploymentPostprocessing = 0;
		};
/* End PBXResourcesBuildPhase section */

/* Begin PBXSourcesBuildPhase section */
		945730392A854AFF008E9071 /* Sources */ = {
			isa = PBXSourcesBuildPhase;
			buildActionMask = 2147483647;
			files = (
				945730412A854AFF008E9071 /* AppDelegate.swift in Sources */,
				945730812A858CC1008E9071 /* StructData.swift in Sources */,
				945730942A85C0C7008E9071 /* ListView.swift in Sources */,
				945730762A8586AF008E9071 /* DetailsViewModel.swift in Sources */,
				945730882A85BC36008E9071 /* 10PokemonsViewModel.swift in Sources */,
				945730982A85C0F1008E9071 /* APISession.swift in Sources */,
				945730832A85AA38008E9071 /* abilitiesStruct.swift in Sources */,
				945730862A85BC16008E9071 /* 10PokemonsView.swift in Sources */,
				9457309A2A85C1F7008E9071 /* StructListPokemon.swift in Sources */,
				945730432A854AFF008E9071 /* SceneDelegate.swift in Sources */,
				9457307F2A858A41008E9071 /* APIRequest.swift in Sources */,
				945730782A8586CA008E9071 /* DetailsView.swift in Sources */,
				945730962A85C0D9008E9071 /* ListViewModel.swift in Sources */,
			);
			runOnlyForDeploymentPostprocessing = 0;
		};
		9457304F2A854B00008E9071 /* Sources */ = {
			isa = PBXSourcesBuildPhase;
			buildActionMask = 2147483647;
			files = (
				945730582A854B00008E9071 /* PokedexTests.swift in Sources */,
			);
			runOnlyForDeploymentPostprocessing = 0;
		};
		945730592A854B00008E9071 /* Sources */ = {
			isa = PBXSourcesBuildPhase;
			buildActionMask = 2147483647;
			files = (
				945730622A854B00008E9071 /* PokedexUITests.swift in Sources */,
				945730642A854B00008E9071 /* PokedexUITestsLaunchTests.swift in Sources */,
			);
			runOnlyForDeploymentPostprocessing = 0;
		};
/* End PBXSourcesBuildPhase section */

/* Begin PBXTargetDependency section */
		945730552A854B00008E9071 /* PBXTargetDependency */ = {
			isa = PBXTargetDependency;
			target = 9457303C2A854AFF008E9071 /* Pokedex */;
			targetProxy = 945730542A854B00008E9071 /* PBXContainerItemProxy */;
		};
		9457305F2A854B00008E9071 /* PBXTargetDependency */ = {
			isa = PBXTargetDependency;
			target = 9457303C2A854AFF008E9071 /* Pokedex */;
			targetProxy = 9457305E2A854B00008E9071 /* PBXContainerItemProxy */;
		};
/* End PBXTargetDependency section */

/* Begin PBXVariantGroup section */
		945730462A854AFF008E9071 /* Main.storyboard */ = {
			isa = PBXVariantGroup;
			children = (
				945730472A854AFF008E9071 /* Base */,
			);
			name = Main.storyboard;
			sourceTree = "<group>";
		};
		9457304B2A854B00008E9071 /* LaunchScreen.storyboard */ = {
			isa = PBXVariantGroup;
			children = (
				9457304C2A854B00008E9071 /* Base */,
			);
			name = LaunchScreen.storyboard;
			sourceTree = "<group>";
		};
/* End PBXVariantGroup section */

/* Begin XCBuildConfiguration section */
		945730652A854B00008E9071 /* Debug */ = {
			isa = XCBuildConfiguration;
			buildSettings = {
				ALWAYS_SEARCH_USER_PATHS = NO;
				CLANG_ANALYZER_NONNULL = YES;
				CLANG_ANALYZER_NUMBER_OBJECT_CONVERSION = YES_AGGRESSIVE;
				CLANG_CXX_LANGUAGE_STANDARD = "gnu++20";
				CLANG_ENABLE_MODULES = YES;
				CLANG_ENABLE_OBJC_ARC = YES;
				CLANG_ENABLE_OBJC_WEAK = YES;
				CLANG_WARN_BLOCK_CAPTURE_AUTORELEASING = YES;
				CLANG_WARN_BOOL_CONVERSION = YES;
				CLANG_WARN_COMMA = YES;
				CLANG_WARN_CONSTANT_CONVERSION = YES;
				CLANG_WARN_DEPRECATED_OBJC_IMPLEMENTATIONS = YES;
				CLANG_WARN_DIRECT_OBJC_ISA_USAGE = YES_ERROR;
				CLANG_WARN_DOCUMENTATION_COMMENTS = YES;
				CLANG_WARN_EMPTY_BODY = YES;
				CLANG_WARN_ENUM_CONVERSION = YES;
				CLANG_WARN_INFINITE_RECURSION = YES;
				CLANG_WARN_INT_CONVERSION = YES;
				CLANG_WARN_NON_LITERAL_NULL_CONVERSION = YES;
				CLANG_WARN_OBJC_IMPLICIT_RETAIN_SELF = YES;
				CLANG_WARN_OBJC_LITERAL_CONVERSION = YES;
				CLANG_WARN_OBJC_ROOT_CLASS = YES_ERROR;
				CLANG_WARN_QUOTED_INCLUDE_IN_FRAMEWORK_HEADER = YES;
				CLANG_WARN_RANGE_LOOP_ANALYSIS = YES;
				CLANG_WARN_STRICT_PROTOTYPES = YES;
				CLANG_WARN_SUSPICIOUS_MOVE = YES;
				CLANG_WARN_UNGUARDED_AVAILABILITY = YES_AGGRESSIVE;
				CLANG_WARN_UNREACHABLE_CODE = YES;
				CLANG_WARN__DUPLICATE_METHOD_MATCH = YES;
				COPY_PHASE_STRIP = NO;
				DEBUG_INFORMATION_FORMAT = dwarf;
				ENABLE_STRICT_OBJC_MSGSEND = YES;
				ENABLE_TESTABILITY = YES;
				GCC_C_LANGUAGE_STANDARD = gnu11;
				GCC_DYNAMIC_NO_PIC = NO;
				GCC_NO_COMMON_BLOCKS = YES;
				GCC_OPTIMIZATION_LEVEL = 0;
				GCC_PREPROCESSOR_DEFINITIONS = (
					"DEBUG=1",
					"$(inherited)",
				);
				GCC_WARN_64_TO_32_BIT_CONVERSION = YES;
				GCC_WARN_ABOUT_RETURN_TYPE = YES_ERROR;
				GCC_WARN_UNDECLARED_SELECTOR = YES;
				GCC_WARN_UNINITIALIZED_AUTOS = YES_AGGRESSIVE;
				GCC_WARN_UNUSED_FUNCTION = YES;
				GCC_WARN_UNUSED_VARIABLE = YES;
				IPHONEOS_DEPLOYMENT_TARGET = 16.4;
				MTL_ENABLE_DEBUG_INFO = INCLUDE_SOURCE;
				MTL_FAST_MATH = YES;
				ONLY_ACTIVE_ARCH = YES;
				SDKROOT = iphoneos;
				SWIFT_ACTIVE_COMPILATION_CONDITIONS = DEBUG;
				SWIFT_OPTIMIZATION_LEVEL = "-Onone";
			};
			name = Debug;
		};
		945730662A854B00008E9071 /* Release */ = {
			isa = XCBuildConfiguration;
			buildSettings = {
				ALWAYS_SEARCH_USER_PATHS = NO;
				CLANG_ANALYZER_NONNULL = YES;
				CLANG_ANALYZER_NUMBER_OBJECT_CONVERSION = YES_AGGRESSIVE;
				CLANG_CXX_LANGUAGE_STANDARD = "gnu++20";
				CLANG_ENABLE_MODULES = YES;
				CLANG_ENABLE_OBJC_ARC = YES;
				CLANG_ENABLE_OBJC_WEAK = YES;
				CLANG_WARN_BLOCK_CAPTURE_AUTORELEASING = YES;
				CLANG_WARN_BOOL_CONVERSION = YES;
				CLANG_WARN_COMMA = YES;
				CLANG_WARN_CONSTANT_CONVERSION = YES;
				CLANG_WARN_DEPRECATED_OBJC_IMPLEMENTATIONS = YES;
				CLANG_WARN_DIRECT_OBJC_ISA_USAGE = YES_ERROR;
				CLANG_WARN_DOCUMENTATION_COMMENTS = YES;
				CLANG_WARN_EMPTY_BODY = YES;
				CLANG_WARN_ENUM_CONVERSION = YES;
				CLANG_WARN_INFINITE_RECURSION = YES;
				CLANG_WARN_INT_CONVERSION = YES;
				CLANG_WARN_NON_LITERAL_NULL_CONVERSION = YES;
				CLANG_WARN_OBJC_IMPLICIT_RETAIN_SELF = YES;
				CLANG_WARN_OBJC_LITERAL_CONVERSION = YES;
				CLANG_WARN_OBJC_ROOT_CLASS = YES_ERROR;
				CLANG_WARN_QUOTED_INCLUDE_IN_FRAMEWORK_HEADER = YES;
				CLANG_WARN_RANGE_LOOP_ANALYSIS = YES;
				CLANG_WARN_STRICT_PROTOTYPES = YES;
				CLANG_WARN_SUSPICIOUS_MOVE = YES;
				CLANG_WARN_UNGUARDED_AVAILABILITY = YES_AGGRESSIVE;
				CLANG_WARN_UNREACHABLE_CODE = YES;
				CLANG_WARN__DUPLICATE_METHOD_MATCH = YES;
				COPY_PHASE_STRIP = NO;
				DEBUG_INFORMATION_FORMAT = "dwarf-with-dsym";
				ENABLE_NS_ASSERTIONS = NO;
				ENABLE_STRICT_OBJC_MSGSEND = YES;
				GCC_C_LANGUAGE_STANDARD = gnu11;
				GCC_NO_COMMON_BLOCKS = YES;
				GCC_WARN_64_TO_32_BIT_CONVERSION = YES;
				GCC_WARN_ABOUT_RETURN_TYPE = YES_ERROR;
				GCC_WARN_UNDECLARED_SELECTOR = YES;
				GCC_WARN_UNINITIALIZED_AUTOS = YES_AGGRESSIVE;
				GCC_WARN_UNUSED_FUNCTION = YES;
				GCC_WARN_UNUSED_VARIABLE = YES;
				IPHONEOS_DEPLOYMENT_TARGET = 16.4;
				MTL_ENABLE_DEBUG_INFO = NO;
				MTL_FAST_MATH = YES;
				SDKROOT = iphoneos;
				SWIFT_COMPILATION_MODE = wholemodule;
				SWIFT_OPTIMIZATION_LEVEL = "-O";
				VALIDATE_PRODUCT = YES;
			};
			name = Release;
		};
		945730682A854B00008E9071 /* Debug */ = {
			isa = XCBuildConfiguration;
			buildSettings = {
				ASSETCATALOG_COMPILER_APPICON_NAME = AppIcon;
				ASSETCATALOG_COMPILER_GLOBAL_ACCENT_COLOR_NAME = AccentColor;
				CLANG_ENABLE_MODULES = YES;
				CODE_SIGN_STYLE = Automatic;
				CURRENT_PROJECT_VERSION = 1;
				DEVELOPMENT_TEAM = 696B28SKMT;
				GENERATE_INFOPLIST_FILE = YES;
				INFOPLIST_FILE = Pokedex/Info.plist;
				INFOPLIST_KEY_LSApplicationCategoryType = "public.app-category.games";
				INFOPLIST_KEY_UIApplicationSupportsIndirectInputEvents = YES;
				INFOPLIST_KEY_UILaunchStoryboardName = LaunchScreen;
				INFOPLIST_KEY_UIMainStoryboardFile = Main;
				INFOPLIST_KEY_UISupportedInterfaceOrientations = UIInterfaceOrientationPortrait;
				INFOPLIST_KEY_UISupportedInterfaceOrientations_iPad = "UIInterfaceOrientationLandscapeLeft UIInterfaceOrientationLandscapeRight UIInterfaceOrientationPortrait UIInterfaceOrientationPortraitUpsideDown";
				LD_RUNPATH_SEARCH_PATHS = (
					"$(inherited)",
					"@executable_path/Frameworks",
				);
				MARKETING_VERSION = 1.0;
				PRODUCT_BUNDLE_IDENTIFIER = com.ASNKDev.Pokedex;
				PRODUCT_NAME = "$(TARGET_NAME)";
				SUPPORTED_PLATFORMS = "iphoneos iphonesimulator";
				SUPPORTS_MACCATALYST = NO;
				SUPPORTS_MAC_DESIGNED_FOR_IPHONE_IPAD = NO;
				SWIFT_EMIT_LOC_STRINGS = YES;
				SWIFT_OBJC_BRIDGING_HEADER = "Pokedex/PokemonList/Pokedex-Bridging-Header.h";
				SWIFT_OPTIMIZATION_LEVEL = "-Onone";
				SWIFT_VERSION = 5.0;
				TARGETED_DEVICE_FAMILY = 1;
			};
			name = Debug;
		};
		945730692A854B00008E9071 /* Release */ = {
			isa = XCBuildConfiguration;
			buildSettings = {
				ASSETCATALOG_COMPILER_APPICON_NAME = AppIcon;
				ASSETCATALOG_COMPILER_GLOBAL_ACCENT_COLOR_NAME = AccentColor;
				CLANG_ENABLE_MODULES = YES;
				CODE_SIGN_STYLE = Automatic;
				CURRENT_PROJECT_VERSION = 1;
				DEVELOPMENT_TEAM = 696B28SKMT;
				GENERATE_INFOPLIST_FILE = YES;
				INFOPLIST_FILE = Pokedex/Info.plist;
				INFOPLIST_KEY_LSApplicationCategoryType = "public.app-category.games";
				INFOPLIST_KEY_UIApplicationSupportsIndirectInputEvents = YES;
				INFOPLIST_KEY_UILaunchStoryboardName = LaunchScreen;
				INFOPLIST_KEY_UIMainStoryboardFile = Main;
				INFOPLIST_KEY_UISupportedInterfaceOrientations = UIInterfaceOrientationPortrait;
				INFOPLIST_KEY_UISupportedInterfaceOrientations_iPad = "UIInterfaceOrientationLandscapeLeft UIInterfaceOrientationLandscapeRight UIInterfaceOrientationPortrait UIInterfaceOrientationPortraitUpsideDown";
				LD_RUNPATH_SEARCH_PATHS = (
					"$(inherited)",
					"@executable_path/Frameworks",
				);
				MARKETING_VERSION = 1.0;
				PRODUCT_BUNDLE_IDENTIFIER = com.ASNKDev.Pokedex;
				PRODUCT_NAME = "$(TARGET_NAME)";
				SUPPORTED_PLATFORMS = "iphoneos iphonesimulator";
				SUPPORTS_MACCATALYST = NO;
				SUPPORTS_MAC_DESIGNED_FOR_IPHONE_IPAD = NO;
				SWIFT_EMIT_LOC_STRINGS = YES;
				SWIFT_OBJC_BRIDGING_HEADER = "Pokedex/PokemonList/Pokedex-Bridging-Header.h";
				SWIFT_VERSION = 5.0;
				TARGETED_DEVICE_FAMILY = 1;
			};
			name = Release;
		};
		9457306B2A854B00008E9071 /* Debug */ = {
			isa = XCBuildConfiguration;
			buildSettings = {
				ALWAYS_EMBED_SWIFT_STANDARD_LIBRARIES = YES;
				BUNDLE_LOADER = "$(TEST_HOST)";
				CODE_SIGN_STYLE = Automatic;
				CURRENT_PROJECT_VERSION = 1;
				DEVELOPMENT_TEAM = 696B28SKMT;
				GENERATE_INFOPLIST_FILE = YES;
				IPHONEOS_DEPLOYMENT_TARGET = 16.4;
				MARKETING_VERSION = 1.0;
				PRODUCT_BUNDLE_IDENTIFIER = com.ASNKDev.PokedexTests;
				PRODUCT_NAME = "$(TARGET_NAME)";
				SWIFT_EMIT_LOC_STRINGS = NO;
				SWIFT_VERSION = 5.0;
				TARGETED_DEVICE_FAMILY = "1,2";
				TEST_HOST = "$(BUILT_PRODUCTS_DIR)/Pokedex.app/$(BUNDLE_EXECUTABLE_FOLDER_PATH)/Pokedex";
			};
			name = Debug;
		};
		9457306C2A854B00008E9071 /* Release */ = {
			isa = XCBuildConfiguration;
			buildSettings = {
				ALWAYS_EMBED_SWIFT_STANDARD_LIBRARIES = YES;
				BUNDLE_LOADER = "$(TEST_HOST)";
				CODE_SIGN_STYLE = Automatic;
				CURRENT_PROJECT_VERSION = 1;
				DEVELOPMENT_TEAM = 696B28SKMT;
				GENERATE_INFOPLIST_FILE = YES;
				IPHONEOS_DEPLOYMENT_TARGET = 16.4;
				MARKETING_VERSION = 1.0;
				PRODUCT_BUNDLE_IDENTIFIER = com.ASNKDev.PokedexTests;
				PRODUCT_NAME = "$(TARGET_NAME)";
				SWIFT_EMIT_LOC_STRINGS = NO;
				SWIFT_VERSION = 5.0;
				TARGETED_DEVICE_FAMILY = "1,2";
				TEST_HOST = "$(BUILT_PRODUCTS_DIR)/Pokedex.app/$(BUNDLE_EXECUTABLE_FOLDER_PATH)/Pokedex";
			};
			name = Release;
		};
		9457306E2A854B00008E9071 /* Debug */ = {
			isa = XCBuildConfiguration;
			buildSettings = {
				ALWAYS_EMBED_SWIFT_STANDARD_LIBRARIES = YES;
				CODE_SIGN_STYLE = Automatic;
				CURRENT_PROJECT_VERSION = 1;
				DEVELOPMENT_TEAM = 696B28SKMT;
				GENERATE_INFOPLIST_FILE = YES;
				MARKETING_VERSION = 1.0;
				PRODUCT_BUNDLE_IDENTIFIER = com.ASNKDev.PokedexUITests;
				PRODUCT_NAME = "$(TARGET_NAME)";
				SWIFT_EMIT_LOC_STRINGS = NO;
				SWIFT_VERSION = 5.0;
				TARGETED_DEVICE_FAMILY = "1,2";
				TEST_TARGET_NAME = Pokedex;
			};
			name = Debug;
		};
		9457306F2A854B00008E9071 /* Release */ = {
			isa = XCBuildConfiguration;
			buildSettings = {
				ALWAYS_EMBED_SWIFT_STANDARD_LIBRARIES = YES;
				CODE_SIGN_STYLE = Automatic;
				CURRENT_PROJECT_VERSION = 1;
				DEVELOPMENT_TEAM = 696B28SKMT;
				GENERATE_INFOPLIST_FILE = YES;
				MARKETING_VERSION = 1.0;
				PRODUCT_BUNDLE_IDENTIFIER = com.ASNKDev.PokedexUITests;
				PRODUCT_NAME = "$(TARGET_NAME)";
				SWIFT_EMIT_LOC_STRINGS = NO;
				SWIFT_VERSION = 5.0;
				TARGETED_DEVICE_FAMILY = "1,2";
				TEST_TARGET_NAME = Pokedex;
			};
			name = Release;
		};
/* End XCBuildConfiguration section */

/* Begin XCConfigurationList section */
		945730382A854AFF008E9071 /* Build configuration list for PBXProject "Pokedex" */ = {
			isa = XCConfigurationList;
			buildConfigurations = (
				945730652A854B00008E9071 /* Debug */,
				945730662A854B00008E9071 /* Release */,
			);
			defaultConfigurationIsVisible = 0;
			defaultConfigurationName = Release;
		};
		945730672A854B00008E9071 /* Build configuration list for PBXNativeTarget "Pokedex" */ = {
			isa = XCConfigurationList;
			buildConfigurations = (
				945730682A854B00008E9071 /* Debug */,
				945730692A854B00008E9071 /* Release */,
			);
			defaultConfigurationIsVisible = 0;
			defaultConfigurationName = Release;
		};
		9457306A2A854B00008E9071 /* Build configuration list for PBXNativeTarget "PokedexTests" */ = {
			isa = XCConfigurationList;
			buildConfigurations = (
				9457306B2A854B00008E9071 /* Debug */,
				9457306C2A854B00008E9071 /* Release */,
			);
			defaultConfigurationIsVisible = 0;
			defaultConfigurationName = Release;
		};
		9457306D2A854B00008E9071 /* Build configuration list for PBXNativeTarget "PokedexUITests" */ = {
			isa = XCConfigurationList;
			buildConfigurations = (
				9457306E2A854B00008E9071 /* Debug */,
				9457306F2A854B00008E9071 /* Release */,
			);
			defaultConfigurationIsVisible = 0;
			defaultConfigurationName = Release;
		};
/* End XCConfigurationList section */
	};
	rootObject = 945730352A854AFF008E9071 /* Project object */;
}
